// !$*UTF8*$!
{
	archiveVersion = 1;
	classes = {
	};
	objectVersion = 55;
	objects = {

/* Begin PBXBuildFile section */
		960B29C228AD7DE00078DE14 /* ButtonUI.swift in Sources */ = {isa = PBXBuildFile; fileRef = 960B29C128AD7DE00078DE14 /* ButtonUI.swift */; };
		960B29C428AD7FE50078DE14 /* TextFieldUI.swift in Sources */ = {isa = PBXBuildFile; fileRef = 960B29C328AD7FE50078DE14 /* TextFieldUI.swift */; };
		9614332C28A58835005A4E15 /* TipListViewModel.swift in Sources */ = {isa = PBXBuildFile; fileRef = 9614332B28A58835005A4E15 /* TipListViewModel.swift */; };
		9614333328A59C51005A4E15 /* TipsDataModel.xcdatamodeld in Sources */ = {isa = PBXBuildFile; fileRef = 9614333128A59C51005A4E15 /* TipsDataModel.xcdatamodeld */; };
		96390D1428F9E10E00FE13E8 /* TipDetailViewModel.swift in Sources */ = {isa = PBXBuildFile; fileRef = 96390D1328F9E10E00FE13E8 /* TipDetailViewModel.swift */; };
		96390D1728F9F47A00FE13E8 /* ImageView.swift in Sources */ = {isa = PBXBuildFile; fileRef = 96390D1628F9F47A00FE13E8 /* ImageView.swift */; };
		96390D1928F9F48A00FE13E8 /* ImageLoader.swift in Sources */ = {isa = PBXBuildFile; fileRef = 96390D1828F9F48A00FE13E8 /* ImageLoader.swift */; };
		96390D1B28FB33DC00FE13E8 /* EditForm.swift in Sources */ = {isa = PBXBuildFile; fileRef = 96390D1A28FB33DC00FE13E8 /* EditForm.swift */; };
		96390D1E28FB441600FE13E8 /* EditTipViewModel.swift in Sources */ = {isa = PBXBuildFile; fileRef = 96390D1D28FB441600FE13E8 /* EditTipViewModel.swift */; };
		96390D2128FB578D00FE13E8 /* ImagePicker.swift in Sources */ = {isa = PBXBuildFile; fileRef = 96390D2028FB578D00FE13E8 /* ImagePicker.swift */; };
		964A3FF72895CAFE00B8AA64 /* TipsSwiftApp.swift in Sources */ = {isa = PBXBuildFile; fileRef = 964A3FF62895CAFE00B8AA64 /* TipsSwiftApp.swift */; };
		964A3FF92895CAFE00B8AA64 /* TipListView.swift in Sources */ = {isa = PBXBuildFile; fileRef = 964A3FF82895CAFE00B8AA64 /* TipListView.swift */; };
		964A3FFB2895CAFF00B8AA64 /* Assets.xcassets in Resources */ = {isa = PBXBuildFile; fileRef = 964A3FFA2895CAFF00B8AA64 /* Assets.xcassets */; };
		964A3FFE2895CAFF00B8AA64 /* Preview Assets.xcassets in Resources */ = {isa = PBXBuildFile; fileRef = 964A3FFD2895CAFF00B8AA64 /* Preview Assets.xcassets */; };
		964A40272896945200B8AA64 /* TipComponent.swift in Sources */ = {isa = PBXBuildFile; fileRef = 964A40262896945200B8AA64 /* TipComponent.swift */; };
		964A402C2896ACB000B8AA64 /* TipModel.swift in Sources */ = {isa = PBXBuildFile; fileRef = 964A402B2896ACB000B8AA64 /* TipModel.swift */; };
		965974B228EE1A4E00971B41 /* SecureFieldUI.swift in Sources */ = {isa = PBXBuildFile; fileRef = 965974B128EE1A4E00971B41 /* SecureFieldUI.swift */; };
		966B968C28EE2628002E482D /* FirebaseAuth in Frameworks */ = {isa = PBXBuildFile; productRef = 966B968B28EE2628002E482D /* FirebaseAuth */; };
		966B968E28EE2628002E482D /* FirebaseAuthCombine-Community in Frameworks */ = {isa = PBXBuildFile; productRef = 966B968D28EE2628002E482D /* FirebaseAuthCombine-Community */; };
		966B969028EE2628002E482D /* FirebaseFirestore in Frameworks */ = {isa = PBXBuildFile; productRef = 966B968F28EE2628002E482D /* FirebaseFirestore */; };
		966B969228EE2628002E482D /* FirebaseFirestoreCombine-Community in Frameworks */ = {isa = PBXBuildFile; productRef = 966B969128EE2628002E482D /* FirebaseFirestoreCombine-Community */; };
		966B969428EE2628002E482D /* FirebaseFirestoreSwift in Frameworks */ = {isa = PBXBuildFile; productRef = 966B969328EE2628002E482D /* FirebaseFirestoreSwift */; };
		966B969628EE2628002E482D /* FirebaseStorage in Frameworks */ = {isa = PBXBuildFile; productRef = 966B969528EE2628002E482D /* FirebaseStorage */; };
		966B969828EE2628002E482D /* FirebaseStorageCombine-Community in Frameworks */ = {isa = PBXBuildFile; productRef = 966B969728EE2628002E482D /* FirebaseStorageCombine-Community */; };
		9677B2C228F188D200497D67 /* UserViewModel.swift in Sources */ = {isa = PBXBuildFile; fileRef = 9677B2C128F188D200497D67 /* UserViewModel.swift */; };
		9677B2C428F189B700497D67 /* ContentView.swift in Sources */ = {isa = PBXBuildFile; fileRef = 9677B2C328F189B700497D67 /* ContentView.swift */; };
		9677B2C628F1BB7100497D67 /* HeaderGoBack.swift in Sources */ = {isa = PBXBuildFile; fileRef = 9677B2C528F1BB7100497D67 /* HeaderGoBack.swift */; };
		9677B2C828F22FB700497D67 /* GoogleService-Info.plist in Resources */ = {isa = PBXBuildFile; fileRef = 9677B2C728F22FB700497D67 /* GoogleService-Info.plist */; };
		9693F35228A19E0100434B21 /* ModalButton.swift in Sources */ = {isa = PBXBuildFile; fileRef = 9693F35128A19E0100434B21 /* ModalButton.swift */; };
		9693F35528A1A11000434B21 /* Color.swift in Sources */ = {isa = PBXBuildFile; fileRef = 9693F35428A1A11000434B21 /* Color.swift */; };
		9693F35728A1A15100434B21 /* TextFieldPlaceholder.swift in Sources */ = {isa = PBXBuildFile; fileRef = 9693F35628A1A15100434B21 /* TextFieldPlaceholder.swift */; };
		96A0A17D28F4C0EA00DF8F65 /* ServiceProtocol.swift in Sources */ = {isa = PBXBuildFile; fileRef = 96A0A17C28F4C0EA00DF8F65 /* ServiceProtocol.swift */; };
		96A24D2328F0BC760036F9DD /* FirebaseAuthService.swift in Sources */ = {isa = PBXBuildFile; fileRef = 96A24D2228F0BC760036F9DD /* FirebaseAuthService.swift */; };
		96A24D2528F0BD700036F9DD /* AuthServiceProtocol.swift in Sources */ = {isa = PBXBuildFile; fileRef = 96A24D2428F0BD700036F9DD /* AuthServiceProtocol.swift */; };
		96ABDFA628A96C81003E6D84 /* TipListService.swift in Sources */ = {isa = PBXBuildFile; fileRef = 96ABDFA528A96C81003E6D84 /* TipListService.swift */; };
		96BA542F28AC1C5F003D3926 /* SignInView.swift in Sources */ = {isa = PBXBuildFile; fileRef = 96BA542E28AC1C5F003D3926 /* SignInView.swift */; };
		96BA543128ACE8B0003D3926 /* SignUpView.swift in Sources */ = {isa = PBXBuildFile; fileRef = 96BA543028ACE8B0003D3926 /* SignUpView.swift */; };
		96C1503128A2E1DE005E5B47 /* TopView.swift in Sources */ = {isa = PBXBuildFile; fileRef = 96C1503028A2E1DE005E5B47 /* TopView.swift */; };
		96C1503328A2E3FE005E5B47 /* FloatingButton.swift in Sources */ = {isa = PBXBuildFile; fileRef = 96C1503228A2E3FE005E5B47 /* FloatingButton.swift */; };
		96C1503628A2F3E9005E5B47 /* Images.swift in Sources */ = {isa = PBXBuildFile; fileRef = 96C1503528A2F3E9005E5B47 /* Images.swift */; };
		96DB4AF4289EEE8B00571C6C /* Montserrat-Regular.ttf in Resources */ = {isa = PBXBuildFile; fileRef = 96DB4AF3289EEE8B00571C6C /* Montserrat-Regular.ttf */; };
		96DB4AF6289EEE9B00571C6C /* BebasNeue-Regular.ttf in Resources */ = {isa = PBXBuildFile; fileRef = 96DB4AF5289EEE9B00571C6C /* BebasNeue-Regular.ttf */; };
		96DB4B04289F001C00571C6C /* Header.swift in Sources */ = {isa = PBXBuildFile; fileRef = 96DB4B03289F001C00571C6C /* Header.swift */; };
		96DB4B06289FE0D000571C6C /* Montserrat-Medium.ttf in Resources */ = {isa = PBXBuildFile; fileRef = 96DB4B05289FE0D000571C6C /* Montserrat-Medium.ttf */; };
		96DE61F528F36F8C00B56EE3 /* SignUpViewModel.swift in Sources */ = {isa = PBXBuildFile; fileRef = 96DE61F428F36F8C00B56EE3 /* SignUpViewModel.swift */; };
		96DE61F828F374FB00B56EE3 /* ProfileView.swift in Sources */ = {isa = PBXBuildFile; fileRef = 96DE61F728F374FB00B56EE3 /* ProfileView.swift */; };
		96DE61FB28F377A800B56EE3 /* SignInViewModel.swift in Sources */ = {isa = PBXBuildFile; fileRef = 96DE61FA28F377A800B56EE3 /* SignInViewModel.swift */; };
		96F3847428A017D20027C434 /* TipDetailsView.swift in Sources */ = {isa = PBXBuildFile; fileRef = 96F3847328A017D20027C434 /* TipDetailsView.swift */; };
		96F3847628A018150027C434 /* HeaderGoBackWithButtons.swift in Sources */ = {isa = PBXBuildFile; fileRef = 96F3847528A018150027C434 /* HeaderGoBackWithButtons.swift */; };
		96F3847828A04F6F0027C434 /* Form.swift in Sources */ = {isa = PBXBuildFile; fileRef = 96F3847728A04F6F0027C434 /* Form.swift */; };
		96F3847A28A0544F0027C434 /* Fonts.swift in Sources */ = {isa = PBXBuildFile; fileRef = 96F3847928A0544F0027C434 /* Fonts.swift */; };
		96FBA84628F6014A001014CE /* TipsServiceProtocol.swift in Sources */ = {isa = PBXBuildFile; fileRef = 96FBA84528F6014A001014CE /* TipsServiceProtocol.swift */; };
		96FBA84828F60422001014CE /* TipsService.swift in Sources */ = {isa = PBXBuildFile; fileRef = 96FBA84728F60422001014CE /* TipsService.swift */; };
		96FBA84B28F614A7001014CE /* CreateTipViewModel.swift in Sources */ = {isa = PBXBuildFile; fileRef = 96FBA84A28F614A7001014CE /* CreateTipViewModel.swift */; };
/* End PBXBuildFile section */

/* Begin PBXFileReference section */
		960B29C128AD7DE00078DE14 /* ButtonUI.swift */ = {isa = PBXFileReference; lastKnownFileType = sourcecode.swift; path = ButtonUI.swift; sourceTree = "<group>"; };
		960B29C328AD7FE50078DE14 /* TextFieldUI.swift */ = {isa = PBXFileReference; lastKnownFileType = sourcecode.swift; path = TextFieldUI.swift; sourceTree = "<group>"; };
		9614332B28A58835005A4E15 /* TipListViewModel.swift */ = {isa = PBXFileReference; lastKnownFileType = sourcecode.swift; path = TipListViewModel.swift; sourceTree = "<group>"; };
		9614333228A59C51005A4E15 /* TipsDataModel.xcdatamodel */ = {isa = PBXFileReference; lastKnownFileType = wrapper.xcdatamodel; path = TipsDataModel.xcdatamodel; sourceTree = "<group>"; };
		96390D1328F9E10E00FE13E8 /* TipDetailViewModel.swift */ = {isa = PBXFileReference; lastKnownFileType = sourcecode.swift; path = TipDetailViewModel.swift; sourceTree = "<group>"; };
		96390D1628F9F47A00FE13E8 /* ImageView.swift */ = {isa = PBXFileReference; lastKnownFileType = sourcecode.swift; path = ImageView.swift; sourceTree = "<group>"; };
		96390D1828F9F48A00FE13E8 /* ImageLoader.swift */ = {isa = PBXFileReference; lastKnownFileType = sourcecode.swift; path = ImageLoader.swift; sourceTree = "<group>"; };
		96390D1A28FB33DC00FE13E8 /* EditForm.swift */ = {isa = PBXFileReference; lastKnownFileType = sourcecode.swift; path = EditForm.swift; sourceTree = "<group>"; };
		96390D1D28FB441600FE13E8 /* EditTipViewModel.swift */ = {isa = PBXFileReference; lastKnownFileType = sourcecode.swift; path = EditTipViewModel.swift; sourceTree = "<group>"; };
		96390D2028FB578D00FE13E8 /* ImagePicker.swift */ = {isa = PBXFileReference; lastKnownFileType = sourcecode.swift; path = ImagePicker.swift; sourceTree = "<group>"; };
		964A3FF32895CAFE00B8AA64 /* TipsSwift.app */ = {isa = PBXFileReference; explicitFileType = wrapper.application; includeInIndex = 0; path = TipsSwift.app; sourceTree = BUILT_PRODUCTS_DIR; };
		964A3FF62895CAFE00B8AA64 /* TipsSwiftApp.swift */ = {isa = PBXFileReference; lastKnownFileType = sourcecode.swift; path = TipsSwiftApp.swift; sourceTree = "<group>"; };
		964A3FF82895CAFE00B8AA64 /* TipListView.swift */ = {isa = PBXFileReference; lastKnownFileType = sourcecode.swift; path = TipListView.swift; sourceTree = "<group>"; };
		964A3FFA2895CAFF00B8AA64 /* Assets.xcassets */ = {isa = PBXFileReference; lastKnownFileType = folder.assetcatalog; path = Assets.xcassets; sourceTree = "<group>"; };
		964A3FFD2895CAFF00B8AA64 /* Preview Assets.xcassets */ = {isa = PBXFileReference; lastKnownFileType = folder.assetcatalog; path = "Preview Assets.xcassets"; sourceTree = "<group>"; };
		964A40262896945200B8AA64 /* TipComponent.swift */ = {isa = PBXFileReference; lastKnownFileType = sourcecode.swift; path = TipComponent.swift; sourceTree = "<group>"; };
		964A402B2896ACB000B8AA64 /* TipModel.swift */ = {isa = PBXFileReference; lastKnownFileType = sourcecode.swift; path = TipModel.swift; sourceTree = "<group>"; };
		965974B128EE1A4E00971B41 /* SecureFieldUI.swift */ = {isa = PBXFileReference; lastKnownFileType = sourcecode.swift; path = SecureFieldUI.swift; sourceTree = "<group>"; };
		9677B2C128F188D200497D67 /* UserViewModel.swift */ = {isa = PBXFileReference; lastKnownFileType = sourcecode.swift; path = UserViewModel.swift; sourceTree = "<group>"; };
		9677B2C328F189B700497D67 /* ContentView.swift */ = {isa = PBXFileReference; lastKnownFileType = sourcecode.swift; path = ContentView.swift; sourceTree = "<group>"; };
		9677B2C528F1BB7100497D67 /* HeaderGoBack.swift */ = {isa = PBXFileReference; lastKnownFileType = sourcecode.swift; path = HeaderGoBack.swift; sourceTree = "<group>"; };
		9677B2C728F22FB700497D67 /* GoogleService-Info.plist */ = {isa = PBXFileReference; fileEncoding = 4; lastKnownFileType = text.plist.xml; path = "GoogleService-Info.plist"; sourceTree = "<group>"; };
		9693F35128A19E0100434B21 /* ModalButton.swift */ = {isa = PBXFileReference; lastKnownFileType = sourcecode.swift; path = ModalButton.swift; sourceTree = "<group>"; };
		9693F35428A1A11000434B21 /* Color.swift */ = {isa = PBXFileReference; lastKnownFileType = sourcecode.swift; path = Color.swift; sourceTree = "<group>"; };
		9693F35628A1A15100434B21 /* TextFieldPlaceholder.swift */ = {isa = PBXFileReference; lastKnownFileType = sourcecode.swift; path = TextFieldPlaceholder.swift; sourceTree = "<group>"; };
		96A0A17C28F4C0EA00DF8F65 /* ServiceProtocol.swift */ = {isa = PBXFileReference; lastKnownFileType = sourcecode.swift; path = ServiceProtocol.swift; sourceTree = "<group>"; };
		96A24D2228F0BC760036F9DD /* FirebaseAuthService.swift */ = {isa = PBXFileReference; lastKnownFileType = sourcecode.swift; path = FirebaseAuthService.swift; sourceTree = "<group>"; };
		96A24D2428F0BD700036F9DD /* AuthServiceProtocol.swift */ = {isa = PBXFileReference; lastKnownFileType = sourcecode.swift; path = AuthServiceProtocol.swift; sourceTree = "<group>"; };
		96ABDFA528A96C81003E6D84 /* TipListService.swift */ = {isa = PBXFileReference; lastKnownFileType = sourcecode.swift; path = TipListService.swift; sourceTree = "<group>"; };
		96BA542E28AC1C5F003D3926 /* SignInView.swift */ = {isa = PBXFileReference; lastKnownFileType = sourcecode.swift; path = SignInView.swift; sourceTree = "<group>"; };
		96BA543028ACE8B0003D3926 /* SignUpView.swift */ = {isa = PBXFileReference; lastKnownFileType = sourcecode.swift; path = SignUpView.swift; sourceTree = "<group>"; };
		96C1503028A2E1DE005E5B47 /* TopView.swift */ = {isa = PBXFileReference; lastKnownFileType = sourcecode.swift; path = TopView.swift; sourceTree = "<group>"; };
		96C1503228A2E3FE005E5B47 /* FloatingButton.swift */ = {isa = PBXFileReference; lastKnownFileType = sourcecode.swift; path = FloatingButton.swift; sourceTree = "<group>"; };
		96C1503528A2F3E9005E5B47 /* Images.swift */ = {isa = PBXFileReference; lastKnownFileType = sourcecode.swift; path = Images.swift; sourceTree = "<group>"; };
		96DB4AF3289EEE8B00571C6C /* Montserrat-Regular.ttf */ = {isa = PBXFileReference; lastKnownFileType = file; path = "Montserrat-Regular.ttf"; sourceTree = "<group>"; };
		96DB4AF5289EEE9B00571C6C /* BebasNeue-Regular.ttf */ = {isa = PBXFileReference; lastKnownFileType = file; path = "BebasNeue-Regular.ttf"; sourceTree = "<group>"; };
		96DB4B03289F001C00571C6C /* Header.swift */ = {isa = PBXFileReference; lastKnownFileType = sourcecode.swift; path = Header.swift; sourceTree = "<group>"; };
		96DB4B05289FE0D000571C6C /* Montserrat-Medium.ttf */ = {isa = PBXFileReference; lastKnownFileType = file; path = "Montserrat-Medium.ttf"; sourceTree = "<group>"; };
		96DE61F428F36F8C00B56EE3 /* SignUpViewModel.swift */ = {isa = PBXFileReference; lastKnownFileType = sourcecode.swift; path = SignUpViewModel.swift; sourceTree = "<group>"; };
		96DE61F728F374FB00B56EE3 /* ProfileView.swift */ = {isa = PBXFileReference; lastKnownFileType = sourcecode.swift; path = ProfileView.swift; sourceTree = "<group>"; };
		96DE61FA28F377A800B56EE3 /* SignInViewModel.swift */ = {isa = PBXFileReference; lastKnownFileType = sourcecode.swift; path = SignInViewModel.swift; sourceTree = "<group>"; };
		96F3847328A017D20027C434 /* TipDetailsView.swift */ = {isa = PBXFileReference; lastKnownFileType = sourcecode.swift; path = TipDetailsView.swift; sourceTree = "<group>"; };
		96F3847528A018150027C434 /* HeaderGoBackWithButtons.swift */ = {isa = PBXFileReference; lastKnownFileType = sourcecode.swift; path = HeaderGoBackWithButtons.swift; sourceTree = "<group>"; };
		96F3847728A04F6F0027C434 /* Form.swift */ = {isa = PBXFileReference; lastKnownFileType = sourcecode.swift; path = Form.swift; sourceTree = "<group>"; };
		96F3847928A0544F0027C434 /* Fonts.swift */ = {isa = PBXFileReference; lastKnownFileType = sourcecode.swift; path = Fonts.swift; sourceTree = "<group>"; };
		96FBA84528F6014A001014CE /* TipsServiceProtocol.swift */ = {isa = PBXFileReference; lastKnownFileType = sourcecode.swift; path = TipsServiceProtocol.swift; sourceTree = "<group>"; };
		96FBA84728F60422001014CE /* TipsService.swift */ = {isa = PBXFileReference; lastKnownFileType = sourcecode.swift; path = TipsService.swift; sourceTree = "<group>"; };
		96FBA84A28F614A7001014CE /* CreateTipViewModel.swift */ = {isa = PBXFileReference; lastKnownFileType = sourcecode.swift; path = CreateTipViewModel.swift; sourceTree = "<group>"; };
/* End PBXFileReference section */

/* Begin PBXFrameworksBuildPhase section */
		964A3FF02895CAFE00B8AA64 /* Frameworks */ = {
			isa = PBXFrameworksBuildPhase;
			buildActionMask = 2147483647;
			files = (
				966B969428EE2628002E482D /* FirebaseFirestoreSwift in Frameworks */,
				966B969828EE2628002E482D /* FirebaseStorageCombine-Community in Frameworks */,
				966B968C28EE2628002E482D /* FirebaseAuth in Frameworks */,
				966B969228EE2628002E482D /* FirebaseFirestoreCombine-Community in Frameworks */,
				966B968E28EE2628002E482D /* FirebaseAuthCombine-Community in Frameworks */,
				966B969028EE2628002E482D /* FirebaseFirestore in Frameworks */,
				966B969628EE2628002E482D /* FirebaseStorage in Frameworks */,
			);
			runOnlyForDeploymentPostprocessing = 0;
		};
/* End PBXFrameworksBuildPhase section */

/* Begin PBXGroup section */
		960B29BF28AD7B5C0078DE14 /* SignInViewModel */ = {
			isa = PBXGroup;
			children = (
				96DE61FA28F377A800B56EE3 /* SignInViewModel.swift */,
			);
			path = SignInViewModel;
			sourceTree = "<group>";
		};
		960B29C028AD7B6A0078DE14 /* SignUpViewModel */ = {
			isa = PBXGroup;
			children = (
				96DE61F428F36F8C00B56EE3 /* SignUpViewModel.swift */,
			);
			path = SignUpViewModel;
			sourceTree = "<group>";
		};
		960B29C528AD84100078DE14 /* Enums */ = {
			isa = PBXGroup;
			children = (
			);
			path = Enums;
			sourceTree = "<group>";
		};
		9614332428A58583005A4E15 /* TipDetailsView */ = {
			isa = PBXGroup;
			children = (
				96F3847328A017D20027C434 /* TipDetailsView.swift */,
			);
			path = TipDetailsView;
			sourceTree = "<group>";
		};
		9614332528A5871B005A4E15 /* components */ = {
			isa = PBXGroup;
			children = (
				96C1503228A2E3FE005E5B47 /* FloatingButton.swift */,
				96C1503028A2E1DE005E5B47 /* TopView.swift */,
			);
			path = components;
			sourceTree = "<group>";
		};
		9614332628A58791005A4E15 /* ViewModels */ = {
			isa = PBXGroup;
			children = (
				96390D1C28FB415F00FE13E8 /* EditTipViewModel */,
				96390D1228F9E0F200FE13E8 /* TipDetailsViewModel */,
				96FBA84928F6148C001014CE /* CreateTipViewModel */,
				9677B2C028F188B700497D67 /* UserViewModel */,
				960B29C028AD7B6A0078DE14 /* SignUpViewModel */,
				960B29BF28AD7B5C0078DE14 /* SignInViewModel */,
				9614332A28A58817005A4E15 /* TipListViewModel */,
			);
			path = ViewModels;
			sourceTree = "<group>";
		};
		9614332A28A58817005A4E15 /* TipListViewModel */ = {
			isa = PBXGroup;
			children = (
				9614332B28A58835005A4E15 /* TipListViewModel.swift */,
			);
			path = TipListViewModel;
			sourceTree = "<group>";
		};
		962B807D289B124A004A461D /* Models */ = {
			isa = PBXGroup;
			children = (
				964A402B2896ACB000B8AA64 /* TipModel.swift */,
				9614333128A59C51005A4E15 /* TipsDataModel.xcdatamodeld */,
			);
			path = Models;
			sourceTree = "<group>";
		};
		96390D1228F9E0F200FE13E8 /* TipDetailsViewModel */ = {
			isa = PBXGroup;
			children = (
				96390D1328F9E10E00FE13E8 /* TipDetailViewModel.swift */,
			);
			path = TipDetailsViewModel;
			sourceTree = "<group>";
		};
		96390D1528F9F45500FE13E8 /* ImageView */ = {
			isa = PBXGroup;
			children = (
				96390D1628F9F47A00FE13E8 /* ImageView.swift */,
				96390D1828F9F48A00FE13E8 /* ImageLoader.swift */,
			);
			path = ImageView;
			sourceTree = "<group>";
		};
		96390D1C28FB415F00FE13E8 /* EditTipViewModel */ = {
			isa = PBXGroup;
			children = (
				96390D1D28FB441600FE13E8 /* EditTipViewModel.swift */,
			);
			path = EditTipViewModel;
			sourceTree = "<group>";
		};
		96390D1F28FB577900FE13E8 /* ImagePicker */ = {
			isa = PBXGroup;
			children = (
				96390D2028FB578D00FE13E8 /* ImagePicker.swift */,
			);
			path = ImagePicker;
			sourceTree = "<group>";
		};
		964A3FEA2895CAFD00B8AA64 = {
			isa = PBXGroup;
			children = (
				964A3FF52895CAFE00B8AA64 /* TipsSwift */,
				964A3FF42895CAFE00B8AA64 /* Products */,
			);
			sourceTree = "<group>";
		};
		964A3FF42895CAFE00B8AA64 /* Products */ = {
			isa = PBXGroup;
			children = (
				964A3FF32895CAFE00B8AA64 /* TipsSwift.app */,
			);
			name = Products;
			sourceTree = "<group>";
		};
		964A3FF52895CAFE00B8AA64 /* TipsSwift */ = {
			isa = PBXGroup;
			children = (
				9677B2C728F22FB700497D67 /* GoogleService-Info.plist */,
				96A24D2628F0C2CF0036F9DD /* Protocols */,
				960B29C528AD84100078DE14 /* Enums */,
				96ABDFA428A96C02003E6D84 /* Services */,
				9614332628A58791005A4E15 /* ViewModels */,
				96C1503428A2F3D1005E5B47 /* Assets */,
				9693F35328A1A0CF00434B21 /* Extensions */,
				962B807D289B124A004A461D /* Models */,
				964A402828969B8300B8AA64 /* components */,
				964A3FF62895CAFE00B8AA64 /* TipsSwiftApp.swift */,
				96F3847228A017490027C434 /* Views */,
				964A3FFA2895CAFF00B8AA64 /* Assets.xcassets */,
				964A3FFC2895CAFF00B8AA64 /* Preview Content */,
			);
			path = TipsSwift;
			sourceTree = "<group>";
		};
		964A3FFC2895CAFF00B8AA64 /* Preview Content */ = {
			isa = PBXGroup;
			children = (
				964A3FFD2895CAFF00B8AA64 /* Preview Assets.xcassets */,
			);
			path = "Preview Content";
			sourceTree = "<group>";
		};
		964A402828969B8300B8AA64 /* components */ = {
			isa = PBXGroup;
			children = (
				96390D1F28FB577900FE13E8 /* ImagePicker */,
				96390D1528F9F45500FE13E8 /* ImageView */,
				964A40262896945200B8AA64 /* TipComponent.swift */,
				96DB4B03289F001C00571C6C /* Header.swift */,
				96F3847528A018150027C434 /* HeaderGoBackWithButtons.swift */,
				96F3847728A04F6F0027C434 /* Form.swift */,
				9693F35128A19E0100434B21 /* ModalButton.swift */,
				960B29C128AD7DE00078DE14 /* ButtonUI.swift */,
				960B29C328AD7FE50078DE14 /* TextFieldUI.swift */,
				965974B128EE1A4E00971B41 /* SecureFieldUI.swift */,
				9677B2C528F1BB7100497D67 /* HeaderGoBack.swift */,
				96390D1A28FB33DC00FE13E8 /* EditForm.swift */,
			);
			path = components;
			sourceTree = "<group>";
		};
		9677B2C028F188B700497D67 /* UserViewModel */ = {
			isa = PBXGroup;
			children = (
				9677B2C128F188D200497D67 /* UserViewModel.swift */,
			);
			path = UserViewModel;
			sourceTree = "<group>";
		};
		9693F35328A1A0CF00434B21 /* Extensions */ = {
			isa = PBXGroup;
			children = (
				96DB4AF2289EEE0D00571C6C /* Fonts */,
				9693F35428A1A11000434B21 /* Color.swift */,
				9693F35628A1A15100434B21 /* TextFieldPlaceholder.swift */,
			);
			path = Extensions;
			sourceTree = "<group>";
		};
		96A24D2128F0BC4F0036F9DD /* AuthService */ = {
			isa = PBXGroup;
			children = (
				96A24D2228F0BC760036F9DD /* FirebaseAuthService.swift */,
				96A24D2428F0BD700036F9DD /* AuthServiceProtocol.swift */,
			);
			path = AuthService;
			sourceTree = "<group>";
		};
		96A24D2628F0C2CF0036F9DD /* Protocols */ = {
			isa = PBXGroup;
			children = (
				96A0A17C28F4C0EA00DF8F65 /* ServiceProtocol.swift */,
			);
			path = Protocols;
			sourceTree = "<group>";
		};
		96ABDFA428A96C02003E6D84 /* Services */ = {
			isa = PBXGroup;
			children = (
				96FBA84428F60127001014CE /* TipsService */,
				96A24D2128F0BC4F0036F9DD /* AuthService */,
				96ABDFA528A96C81003E6D84 /* TipListService.swift */,
			);
			path = Services;
			sourceTree = "<group>";
		};
		96BA542C28AC1C2F003D3926 /* SingInView */ = {
			isa = PBXGroup;
			children = (
				96BA542E28AC1C5F003D3926 /* SignInView.swift */,
			);
			path = SingInView;
			sourceTree = "<group>";
		};
		96BA542D28AC1C45003D3926 /* SignUpView */ = {
			isa = PBXGroup;
			children = (
				96BA543028ACE8B0003D3926 /* SignUpView.swift */,
			);
			path = SignUpView;
			sourceTree = "<group>";
		};
		96C1502F28A2E1B5005E5B47 /* TipListView */ = {
			isa = PBXGroup;
			children = (
				9614332528A5871B005A4E15 /* components */,
				964A3FF82895CAFE00B8AA64 /* TipListView.swift */,
			);
			path = TipListView;
			sourceTree = "<group>";
		};
		96C1503428A2F3D1005E5B47 /* Assets */ = {
			isa = PBXGroup;
			children = (
				96C1503528A2F3E9005E5B47 /* Images.swift */,
			);
			path = Assets;
			sourceTree = "<group>";
		};
		96DB4AF2289EEE0D00571C6C /* Fonts */ = {
			isa = PBXGroup;
			children = (
				96DB4B05289FE0D000571C6C /* Montserrat-Medium.ttf */,
				96DB4AF5289EEE9B00571C6C /* BebasNeue-Regular.ttf */,
				96DB4AF3289EEE8B00571C6C /* Montserrat-Regular.ttf */,
				96F3847928A0544F0027C434 /* Fonts.swift */,
			);
			path = Fonts;
			sourceTree = "<group>";
		};
		96DE61F628F374AE00B56EE3 /* ProfileScreen */ = {
			isa = PBXGroup;
			children = (
				96DE61F728F374FB00B56EE3 /* ProfileView.swift */,
			);
			path = ProfileScreen;
			sourceTree = "<group>";
		};
		96F3847228A017490027C434 /* Views */ = {
			isa = PBXGroup;
			children = (
				96DE61F628F374AE00B56EE3 /* ProfileScreen */,
				96BA542D28AC1C45003D3926 /* SignUpView */,
				96BA542C28AC1C2F003D3926 /* SingInView */,
				9614332428A58583005A4E15 /* TipDetailsView */,
				96C1502F28A2E1B5005E5B47 /* TipListView */,
				9677B2C328F189B700497D67 /* ContentView.swift */,
			);
			path = Views;
			sourceTree = "<group>";
		};
		96FBA84428F60127001014CE /* TipsService */ = {
			isa = PBXGroup;
			children = (
				96FBA84528F6014A001014CE /* TipsServiceProtocol.swift */,
				96FBA84728F60422001014CE /* TipsService.swift */,
			);
			path = TipsService;
			sourceTree = "<group>";
		};
		96FBA84928F6148C001014CE /* CreateTipViewModel */ = {
			isa = PBXGroup;
			children = (
				96FBA84A28F614A7001014CE /* CreateTipViewModel.swift */,
			);
			path = CreateTipViewModel;
			sourceTree = "<group>";
		};
/* End PBXGroup section */

/* Begin PBXNativeTarget section */
		964A3FF22895CAFE00B8AA64 /* TipsSwift */ = {
			isa = PBXNativeTarget;
			buildConfigurationList = 964A40012895CAFF00B8AA64 /* Build configuration list for PBXNativeTarget "TipsSwift" */;
			buildPhases = (
				964A3FEF2895CAFE00B8AA64 /* Sources */,
				964A3FF02895CAFE00B8AA64 /* Frameworks */,
				964A3FF12895CAFE00B8AA64 /* Resources */,
			);
			buildRules = (
			);
			dependencies = (
			);
			name = TipsSwift;
			packageProductDependencies = (
				966B968B28EE2628002E482D /* FirebaseAuth */,
				966B968D28EE2628002E482D /* FirebaseAuthCombine-Community */,
				966B968F28EE2628002E482D /* FirebaseFirestore */,
				966B969128EE2628002E482D /* FirebaseFirestoreCombine-Community */,
				966B969328EE2628002E482D /* FirebaseFirestoreSwift */,
				966B969528EE2628002E482D /* FirebaseStorage */,
				966B969728EE2628002E482D /* FirebaseStorageCombine-Community */,
			);
			productName = TipsSwift;
			productReference = 964A3FF32895CAFE00B8AA64 /* TipsSwift.app */;
			productType = "com.apple.product-type.application";
		};
/* End PBXNativeTarget section */

/* Begin PBXProject section */
		964A3FEB2895CAFD00B8AA64 /* Project object */ = {
			isa = PBXProject;
			attributes = {
				BuildIndependentTargetsInParallel = 1;
				LastSwiftUpdateCheck = 1320;
				LastUpgradeCheck = 1320;
				TargetAttributes = {
					964A3FF22895CAFE00B8AA64 = {
						CreatedOnToolsVersion = 13.2.1;
					};
				};
			};
			buildConfigurationList = 964A3FEE2895CAFD00B8AA64 /* Build configuration list for PBXProject "TipsSwift" */;
			compatibilityVersion = "Xcode 13.0";
			developmentRegion = en;
			hasScannedForEncodings = 0;
			knownRegions = (
				en,
				Base,
			);
			mainGroup = 964A3FEA2895CAFD00B8AA64;
			packageReferences = (
				966B968A28EE2628002E482D /* XCRemoteSwiftPackageReference "firebase-ios-sdk" */,
			);
			productRefGroup = 964A3FF42895CAFE00B8AA64 /* Products */;
			projectDirPath = "";
			projectRoot = "";
			targets = (
				964A3FF22895CAFE00B8AA64 /* TipsSwift */,
			);
		};
/* End PBXProject section */

/* Begin PBXResourcesBuildPhase section */
		964A3FF12895CAFE00B8AA64 /* Resources */ = {
			isa = PBXResourcesBuildPhase;
			buildActionMask = 2147483647;
			files = (
				96DB4AF4289EEE8B00571C6C /* Montserrat-Regular.ttf in Resources */,
				96DB4B06289FE0D000571C6C /* Montserrat-Medium.ttf in Resources */,
				964A3FFE2895CAFF00B8AA64 /* Preview Assets.xcassets in Resources */,
				96DB4AF6289EEE9B00571C6C /* BebasNeue-Regular.ttf in Resources */,
				964A3FFB2895CAFF00B8AA64 /* Assets.xcassets in Resources */,
				9677B2C828F22FB700497D67 /* GoogleService-Info.plist in Resources */,
			);
			runOnlyForDeploymentPostprocessing = 0;
		};
/* End PBXResourcesBuildPhase section */

/* Begin PBXSourcesBuildPhase section */
		964A3FEF2895CAFE00B8AA64 /* Sources */ = {
			isa = PBXSourcesBuildPhase;
			buildActionMask = 2147483647;
			files = (
				96DE61FB28F377A800B56EE3 /* SignInViewModel.swift in Sources */,
				96FBA84828F60422001014CE /* TipsService.swift in Sources */,
				96FBA84B28F614A7001014CE /* CreateTipViewModel.swift in Sources */,
				96F3847A28A0544F0027C434 /* Fonts.swift in Sources */,
				96BA543128ACE8B0003D3926 /* SignUpView.swift in Sources */,
				96ABDFA628A96C81003E6D84 /* TipListService.swift in Sources */,
				96C1503128A2E1DE005E5B47 /* TopView.swift in Sources */,
				9693F35728A1A15100434B21 /* TextFieldPlaceholder.swift in Sources */,
				96C1503628A2F3E9005E5B47 /* Images.swift in Sources */,
				9614332C28A58835005A4E15 /* TipListViewModel.swift in Sources */,
				965974B228EE1A4E00971B41 /* SecureFieldUI.swift in Sources */,
				96F3847428A017D20027C434 /* TipDetailsView.swift in Sources */,
				96390D2128FB578D00FE13E8 /* ImagePicker.swift in Sources */,
				9677B2C228F188D200497D67 /* UserViewModel.swift in Sources */,
				964A3FF92895CAFE00B8AA64 /* TipListView.swift in Sources */,
				96DB4B04289F001C00571C6C /* Header.swift in Sources */,
				960B29C228AD7DE00078DE14 /* ButtonUI.swift in Sources */,
				9677B2C628F1BB7100497D67 /* HeaderGoBack.swift in Sources */,
				964A40272896945200B8AA64 /* TipComponent.swift in Sources */,
				9677B2C428F189B700497D67 /* ContentView.swift in Sources */,
				96DE61F528F36F8C00B56EE3 /* SignUpViewModel.swift in Sources */,
				9614333328A59C51005A4E15 /* TipsDataModel.xcdatamodeld in Sources */,
				96390D1928F9F48A00FE13E8 /* ImageLoader.swift in Sources */,
				96A0A17D28F4C0EA00DF8F65 /* ServiceProtocol.swift in Sources */,
				96390D1B28FB33DC00FE13E8 /* EditForm.swift in Sources */,
				96390D1E28FB441600FE13E8 /* EditTipViewModel.swift in Sources */,
				9693F35228A19E0100434B21 /* ModalButton.swift in Sources */,
				96A24D2328F0BC760036F9DD /* FirebaseAuthService.swift in Sources */,
				964A3FF72895CAFE00B8AA64 /* TipsSwiftApp.swift in Sources */,
				96F3847828A04F6F0027C434 /* Form.swift in Sources */,
				96DE61F828F374FB00B56EE3 /* ProfileView.swift in Sources */,
				9693F35528A1A11000434B21 /* Color.swift in Sources */,
				960B29C428AD7FE50078DE14 /* TextFieldUI.swift in Sources */,
				964A402C2896ACB000B8AA64 /* TipModel.swift in Sources */,
				96BA542F28AC1C5F003D3926 /* SignInView.swift in Sources */,
				96F3847628A018150027C434 /* HeaderGoBackWithButtons.swift in Sources */,
				96BA542F28AC1C5F003D3926 /* SignInView.swift in Sources */,
				96F3847628A018150027C434 /* HeaderGoBackWithButtons.swift in Sources */,
				96BA542F28AC1C5F003D3926 /* SignInView.swift in Sources */,
				96F3847628A018150027C434 /* HeaderGoBackWithButtons.swift in Sources */,
				96FBA84628F6014A001014CE /* TipsServiceProtocol.swift in Sources */,
				96A24D2528F0BD700036F9DD /* AuthServiceProtocol.swift in Sources */,
				96C1503328A2E3FE005E5B47 /* FloatingButton.swift in Sources */,
				96390D1728F9F47A00FE13E8 /* ImageView.swift in Sources */,
				96390D1428F9E10E00FE13E8 /* TipDetailViewModel.swift in Sources */,
			);
			runOnlyForDeploymentPostprocessing = 0;
		};
/* End PBXSourcesBuildPhase section */

/* Begin XCBuildConfiguration section */
		964A3FFF2895CAFF00B8AA64 /* Debug */ = {
			isa = XCBuildConfiguration;
			buildSettings = {
				ALWAYS_SEARCH_USER_PATHS = NO;
				CLANG_ANALYZER_NONNULL = YES;
				CLANG_ANALYZER_NUMBER_OBJECT_CONVERSION = YES_AGGRESSIVE;
				CLANG_CXX_LANGUAGE_STANDARD = "gnu++17";
				CLANG_CXX_LIBRARY = "libc++";
				CLANG_ENABLE_MODULES = YES;
				CLANG_ENABLE_OBJC_ARC = YES;
				CLANG_ENABLE_OBJC_WEAK = YES;
				CLANG_WARN_BLOCK_CAPTURE_AUTORELEASING = YES;
				CLANG_WARN_BOOL_CONVERSION = YES;
				CLANG_WARN_COMMA = YES;
				CLANG_WARN_CONSTANT_CONVERSION = YES;
				CLANG_WARN_DEPRECATED_OBJC_IMPLEMENTATIONS = YES;
				CLANG_WARN_DIRECT_OBJC_ISA_USAGE = YES_ERROR;
				CLANG_WARN_DOCUMENTATION_COMMENTS = YES;
				CLANG_WARN_EMPTY_BODY = YES;
				CLANG_WARN_ENUM_CONVERSION = YES;
				CLANG_WARN_INFINITE_RECURSION = YES;
				CLANG_WARN_INT_CONVERSION = YES;
				CLANG_WARN_NON_LITERAL_NULL_CONVERSION = YES;
				CLANG_WARN_OBJC_IMPLICIT_RETAIN_SELF = YES;
				CLANG_WARN_OBJC_LITERAL_CONVERSION = YES;
				CLANG_WARN_OBJC_ROOT_CLASS = YES_ERROR;
				CLANG_WARN_QUOTED_INCLUDE_IN_FRAMEWORK_HEADER = YES;
				CLANG_WARN_RANGE_LOOP_ANALYSIS = YES;
				CLANG_WARN_STRICT_PROTOTYPES = YES;
				CLANG_WARN_SUSPICIOUS_MOVE = YES;
				CLANG_WARN_UNGUARDED_AVAILABILITY = YES_AGGRESSIVE;
				CLANG_WARN_UNREACHABLE_CODE = YES;
				CLANG_WARN__DUPLICATE_METHOD_MATCH = YES;
				COPY_PHASE_STRIP = NO;
				DEBUG_INFORMATION_FORMAT = dwarf;
				ENABLE_STRICT_OBJC_MSGSEND = YES;
				ENABLE_TESTABILITY = YES;
				GCC_C_LANGUAGE_STANDARD = gnu11;
				GCC_DYNAMIC_NO_PIC = NO;
				GCC_NO_COMMON_BLOCKS = YES;
				GCC_OPTIMIZATION_LEVEL = 0;
				GCC_PREPROCESSOR_DEFINITIONS = (
					"DEBUG=1",
					"$(inherited)",
				);
				GCC_WARN_64_TO_32_BIT_CONVERSION = YES;
				GCC_WARN_ABOUT_RETURN_TYPE = YES_ERROR;
				GCC_WARN_UNDECLARED_SELECTOR = YES;
				GCC_WARN_UNINITIALIZED_AUTOS = YES_AGGRESSIVE;
				GCC_WARN_UNUSED_FUNCTION = YES;
				GCC_WARN_UNUSED_VARIABLE = YES;
				GENERATE_INFOPLIST_FILE = NO;
				IPHONEOS_DEPLOYMENT_TARGET = 15.2;
				MTL_ENABLE_DEBUG_INFO = INCLUDE_SOURCE;
				MTL_FAST_MATH = YES;
				ONLY_ACTIVE_ARCH = YES;
				SDKROOT = iphoneos;
				SWIFT_ACTIVE_COMPILATION_CONDITIONS = DEBUG;
				SWIFT_OPTIMIZATION_LEVEL = "-Onone";
			};
			name = Debug;
		};
		964A40002895CAFF00B8AA64 /* Release */ = {
			isa = XCBuildConfiguration;
			buildSettings = {
				ALWAYS_SEARCH_USER_PATHS = NO;
				CLANG_ANALYZER_NONNULL = YES;
				CLANG_ANALYZER_NUMBER_OBJECT_CONVERSION = YES_AGGRESSIVE;
				CLANG_CXX_LANGUAGE_STANDARD = "gnu++17";
				CLANG_CXX_LIBRARY = "libc++";
				CLANG_ENABLE_MODULES = YES;
				CLANG_ENABLE_OBJC_ARC = YES;
				CLANG_ENABLE_OBJC_WEAK = YES;
				CLANG_WARN_BLOCK_CAPTURE_AUTORELEASING = YES;
				CLANG_WARN_BOOL_CONVERSION = YES;
				CLANG_WARN_COMMA = YES;
				CLANG_WARN_CONSTANT_CONVERSION = YES;
				CLANG_WARN_DEPRECATED_OBJC_IMPLEMENTATIONS = YES;
				CLANG_WARN_DIRECT_OBJC_ISA_USAGE = YES_ERROR;
				CLANG_WARN_DOCUMENTATION_COMMENTS = YES;
				CLANG_WARN_EMPTY_BODY = YES;
				CLANG_WARN_ENUM_CONVERSION = YES;
				CLANG_WARN_INFINITE_RECURSION = YES;
				CLANG_WARN_INT_CONVERSION = YES;
				CLANG_WARN_NON_LITERAL_NULL_CONVERSION = YES;
				CLANG_WARN_OBJC_IMPLICIT_RETAIN_SELF = YES;
				CLANG_WARN_OBJC_LITERAL_CONVERSION = YES;
				CLANG_WARN_OBJC_ROOT_CLASS = YES_ERROR;
				CLANG_WARN_QUOTED_INCLUDE_IN_FRAMEWORK_HEADER = YES;
				CLANG_WARN_RANGE_LOOP_ANALYSIS = YES;
				CLANG_WARN_STRICT_PROTOTYPES = YES;
				CLANG_WARN_SUSPICIOUS_MOVE = YES;
				CLANG_WARN_UNGUARDED_AVAILABILITY = YES_AGGRESSIVE;
				CLANG_WARN_UNREACHABLE_CODE = YES;
				CLANG_WARN__DUPLICATE_METHOD_MATCH = YES;
				COPY_PHASE_STRIP = NO;
				DEBUG_INFORMATION_FORMAT = "dwarf-with-dsym";
				ENABLE_NS_ASSERTIONS = NO;
				ENABLE_STRICT_OBJC_MSGSEND = YES;
				GCC_C_LANGUAGE_STANDARD = gnu11;
				GCC_NO_COMMON_BLOCKS = YES;
				GCC_WARN_64_TO_32_BIT_CONVERSION = YES;
				GCC_WARN_ABOUT_RETURN_TYPE = YES_ERROR;
				GCC_WARN_UNDECLARED_SELECTOR = YES;
				GCC_WARN_UNINITIALIZED_AUTOS = YES_AGGRESSIVE;
				GCC_WARN_UNUSED_FUNCTION = YES;
				GCC_WARN_UNUSED_VARIABLE = YES;
				GENERATE_INFOPLIST_FILE = NO;
				IPHONEOS_DEPLOYMENT_TARGET = 15.2;
				MTL_ENABLE_DEBUG_INFO = NO;
				MTL_FAST_MATH = YES;
				SDKROOT = iphoneos;
				SWIFT_COMPILATION_MODE = wholemodule;
				SWIFT_OPTIMIZATION_LEVEL = "-O";
				VALIDATE_PRODUCT = YES;
			};
			name = Release;
		};
		964A40022895CAFF00B8AA64 /* Debug */ = {
			isa = XCBuildConfiguration;
			buildSettings = {
				ASSETCATALOG_COMPILER_APPICON_NAME = AppIcon;
				ASSETCATALOG_COMPILER_GLOBAL_ACCENT_COLOR_NAME = AccentColor;
				CODE_SIGN_IDENTITY = "Apple Development";
				CODE_SIGN_STYLE = Automatic;
				CREATE_INFOPLIST_SECTION_IN_BINARY = NO;
				CURRENT_PROJECT_VERSION = 1;
				DEVELOPMENT_ASSET_PATHS = "\"TipsSwift/Preview Content\"";
				DEVELOPMENT_TEAM = N94PMHA67G;
				ENABLE_PREVIEWS = YES;
				GENERATE_INFOPLIST_FILE = YES;
				INFOPLIST_FILE = TipsSwift/Info.plist;
				INFOPLIST_KEY_UIApplicationSceneManifest_Generation = YES;
				INFOPLIST_KEY_UIApplicationSupportsIndirectInputEvents = YES;
				INFOPLIST_KEY_UISupportedInterfaceOrientations = UIInterfaceOrientationPortrait;
				INFOPLIST_KEY_UISupportedInterfaceOrientations_iPad = "UIInterfaceOrientationPortrait UIInterfaceOrientationPortraitUpsideDown UIInterfaceOrientationLandscapeLeft UIInterfaceOrientationLandscapeRight";
				INFOPLIST_KEY_UISupportedInterfaceOrientations_iPhone = "UIInterfaceOrientationPortrait UIInterfaceOrientationLandscapeLeft UIInterfaceOrientationLandscapeRight";
				LD_RUNPATH_SEARCH_PATHS = (
					"$(inherited)",
					"@executable_path/Frameworks",
				);
				MARKETING_VERSION = 1.0;
				PRODUCT_BUNDLE_IDENTIFIER = com.spike.tipsSwift;
				PRODUCT_NAME = "$(TARGET_NAME)";
				PROVISIONING_PROFILE_SPECIFIER = "";
				SWIFT_EMIT_LOC_STRINGS = YES;
				SWIFT_VERSION = 5.0;
				TARGETED_DEVICE_FAMILY = 1;
			};
			name = Debug;
		};
		964A40032895CAFF00B8AA64 /* Release */ = {
			isa = XCBuildConfiguration;
			buildSettings = {
				ASSETCATALOG_COMPILER_APPICON_NAME = AppIcon;
				ASSETCATALOG_COMPILER_GLOBAL_ACCENT_COLOR_NAME = AccentColor;
				CODE_SIGN_IDENTITY = "Apple Development";
				CODE_SIGN_STYLE = Automatic;
				CREATE_INFOPLIST_SECTION_IN_BINARY = NO;
				CURRENT_PROJECT_VERSION = 1;
				DEVELOPMENT_ASSET_PATHS = "\"TipsSwift/Preview Content\"";
				DEVELOPMENT_TEAM = N94PMHA67G;
				ENABLE_PREVIEWS = YES;
				GENERATE_INFOPLIST_FILE = YES;
				INFOPLIST_FILE = TipsSwift/Info.plist;
				INFOPLIST_KEY_UIApplicationSceneManifest_Generation = YES;
				INFOPLIST_KEY_UIApplicationSupportsIndirectInputEvents = YES;
				INFOPLIST_KEY_UISupportedInterfaceOrientations = UIInterfaceOrientationPortrait;
				INFOPLIST_KEY_UISupportedInterfaceOrientations_iPad = "UIInterfaceOrientationPortrait UIInterfaceOrientationPortraitUpsideDown UIInterfaceOrientationLandscapeLeft UIInterfaceOrientationLandscapeRight";
				INFOPLIST_KEY_UISupportedInterfaceOrientations_iPhone = "UIInterfaceOrientationPortrait UIInterfaceOrientationLandscapeLeft UIInterfaceOrientationLandscapeRight";
				LD_RUNPATH_SEARCH_PATHS = (
					"$(inherited)",
					"@executable_path/Frameworks",
				);
				MARKETING_VERSION = 1.0;
				PRODUCT_BUNDLE_IDENTIFIER = com.spike.tipsSwift;
				PRODUCT_NAME = "$(TARGET_NAME)";
				PROVISIONING_PROFILE_SPECIFIER = "";
				SWIFT_EMIT_LOC_STRINGS = YES;
				SWIFT_VERSION = 5.0;
				TARGETED_DEVICE_FAMILY = 1;
			};
			name = Release;
		};
/* End XCBuildConfiguration section */

/* Begin XCConfigurationList section */
		964A3FEE2895CAFD00B8AA64 /* Build configuration list for PBXProject "TipsSwift" */ = {
			isa = XCConfigurationList;
			buildConfigurations = (
				964A3FFF2895CAFF00B8AA64 /* Debug */,
				964A40002895CAFF00B8AA64 /* Release */,
			);
			defaultConfigurationIsVisible = 0;
			defaultConfigurationName = Release;
		};
		964A40012895CAFF00B8AA64 /* Build configuration list for PBXNativeTarget "TipsSwift" */ = {
			isa = XCConfigurationList;
			buildConfigurations = (
				964A40022895CAFF00B8AA64 /* Debug */,
				964A40032895CAFF00B8AA64 /* Release */,
			);
			defaultConfigurationIsVisible = 0;
			defaultConfigurationName = Release;
		};
/* End XCConfigurationList section */

/* Begin XCRemoteSwiftPackageReference section */
		966B968A28EE2628002E482D /* XCRemoteSwiftPackageReference "firebase-ios-sdk" */ = {
			isa = XCRemoteSwiftPackageReference;
			repositoryURL = "https://github.com/firebase/firebase-ios-sdk";
			requirement = {
				kind = upToNextMajorVersion;
				minimumVersion = 9.0.0;
			};
		};
/* End XCRemoteSwiftPackageReference section */

/* Begin XCSwiftPackageProductDependency section */
		966B968B28EE2628002E482D /* FirebaseAuth */ = {
			isa = XCSwiftPackageProductDependency;
			package = 966B968A28EE2628002E482D /* XCRemoteSwiftPackageReference "firebase-ios-sdk" */;
			productName = FirebaseAuth;
		};
		966B968D28EE2628002E482D /* FirebaseAuthCombine-Community */ = {
			isa = XCSwiftPackageProductDependency;
			package = 966B968A28EE2628002E482D /* XCRemoteSwiftPackageReference "firebase-ios-sdk" */;
			productName = "FirebaseAuthCombine-Community";
		};
		966B968F28EE2628002E482D /* FirebaseFirestore */ = {
			isa = XCSwiftPackageProductDependency;
			package = 966B968A28EE2628002E482D /* XCRemoteSwiftPackageReference "firebase-ios-sdk" */;
			productName = FirebaseFirestore;
		};
		966B969128EE2628002E482D /* FirebaseFirestoreCombine-Community */ = {
			isa = XCSwiftPackageProductDependency;
			package = 966B968A28EE2628002E482D /* XCRemoteSwiftPackageReference "firebase-ios-sdk" */;
			productName = "FirebaseFirestoreCombine-Community";
		};
		966B969328EE2628002E482D /* FirebaseFirestoreSwift */ = {
			isa = XCSwiftPackageProductDependency;
			package = 966B968A28EE2628002E482D /* XCRemoteSwiftPackageReference "firebase-ios-sdk" */;
			productName = FirebaseFirestoreSwift;
		};
		966B969528EE2628002E482D /* FirebaseStorage */ = {
			isa = XCSwiftPackageProductDependency;
			package = 966B968A28EE2628002E482D /* XCRemoteSwiftPackageReference "firebase-ios-sdk" */;
			productName = FirebaseStorage;
		};
		966B969728EE2628002E482D /* FirebaseStorageCombine-Community */ = {
			isa = XCSwiftPackageProductDependency;
			package = 966B968A28EE2628002E482D /* XCRemoteSwiftPackageReference "firebase-ios-sdk" */;
			productName = "FirebaseStorageCombine-Community";
		};
/* End XCSwiftPackageProductDependency section */

/* Begin XCVersionGroup section */
		9614333128A59C51005A4E15 /* TipsDataModel.xcdatamodeld */ = {
			isa = XCVersionGroup;
			children = (
				9614333228A59C51005A4E15 /* TipsDataModel.xcdatamodel */,
			);
			currentVersion = 9614333228A59C51005A4E15 /* TipsDataModel.xcdatamodel */;
			path = TipsDataModel.xcdatamodeld;
			sourceTree = "<group>";
			versionGroupType = wrapper.xcdatamodel;
		};
/* End XCVersionGroup section */
	};
	rootObject = 964A3FEB2895CAFD00B8AA64 /* Project object */;
}
